
Microsoft Visual Studio Solution File, Format Version 12.00
# Visual Studio 15
VisualStudioVersion = 15.0.26228.9
MinimumVisualStudioVersion = 10.0.40219.1
Project("{FAE04EC0-301F-11D3-BF4B-00C04F79EFBC}") = "QidianDownloader", "QidianDownloader\QidianDownloader.csproj", "{66FE11F2-E176-42AA-9C1B-69E691E90DA4}"
EndProject
Project("{FAE04EC0-301F-11D3-BF4B-00C04F79EFBC}") = "Bin.Qidian.Sdk", "Bin.Qidian.Sdk\Bin.Qidian.Sdk.csproj", "{783875F4-414D-4DFD-A8E1-5218A505B789}"
EndProject
Project("{FAE04EC0-301F-11D3-BF4B-00C04F79EFBC}") = "Bin.Qidian.Sdk.Test", "Bin.Qidian.Sdk.Test\Bin.Qidian.Sdk.Test.csproj", "{05F7AA67-AE42-4528-A958-7F98E4E200DE}"
EndProject
Global
	GlobalSection(SolutionConfigurationPlatforms) = preSolution
		Debug|Any CPU = Debug|Any CPU
		Release|Any CPU = Release|Any CPU
	EndGlobalSection
	GlobalSection(ProjectConfigurationPlatforms) = postSolution
		{66FE11F2-E176-42AA-9C1B-69E691E90DA4}.Debug|Any CPU.ActiveCfg = Debug|Any CPU
		{66FE11F2-E176-42AA-9C1B-69E691E90DA4}.Debug|Any CPU.Build.0 = Debug|Any CPU
		{66FE11F2-E176-42AA-9C1B-69E691E90DA4}.Release|Any CPU.ActiveCfg = Release|Any CPU
		{66FE11F2-E176-42AA-9C1B-69E691E90DA4}.Release|Any CPU.Build.0 = Release|Any CPU
		{783875F4-414D-4DFD-A8E1-5218A505B789}.Debug|Any CPU.ActiveCfg = Debug|Any CPU
		{783875F4-414D-4DFD-A8E1-5218A505B789}.Debug|Any CPU.Build.0 = Debug|Any CPU
		{783875F4-414D-4DFD-A8E1-5218A505B789}.Release|Any CPU.ActiveCfg = Release|Any CPU
		{783875F4-414D-4DFD-A8E1-5218A505B789}.Release|Any CPU.Build.0 = Release|Any CPU
		{05F7AA67-AE42-4528-A958-7F98E4E200DE}.Debug|Any CPU.ActiveCfg = Debug|Any CPU
		{05F7AA67-AE42-4528-A958-7F98E4E200DE}.Debug|Any CPU.Build.0 = Debug|Any CPU
		{05F7AA67-AE42-4528-A958-7F98E4E200DE}.Release|Any CPU.ActiveCfg = Release|Any CPU
		{05F7AA67-AE42-4528-A958-7F98E4E200DE}.Release|Any CPU.Build.0 = Release|Any CPU
	EndGlobalSection
	GlobalSection(SolutionProperties) = preSolution
		HideSolutionNode = FALSE
	EndGlobalSection
EndGlobal
